
Microsoft Visual Studio Solution File, Format Version 12.00
# Visual Studio 15
VisualStudioVersion = 15.0.28307.438
MinimumVisualStudioVersion = 10.0.40219.1
Project("{FAE04EC0-301F-11D3-BF4B-00C04F79EFBC}") = "Wallpaper Assistant", "Wallpaper Assistant\Wallpaper Assistant.csproj", "{2596F020-0510-4CB3-943D-5E1D45DC960F}"
EndProject
Global
	GlobalSection(SolutionConfigurationPlatforms) = preSolution
		Debug|Any CPU = Debug|Any CPU
		Release|Any CPU = Release|Any CPU
	EndGlobalSection
	GlobalSection(ProjectConfigurationPlatforms) = postSolution
		{2596F020-0510-4CB3-943D-5E1D45DC960F}.Debug|Any CPU.ActiveCfg = Debug|Any CPU
		{2596F020-0510-4CB3-943D-5E1D45DC960F}.Debug|Any CPU.Build.0 = Debug|Any CPU
		{2596F020-0510-4CB3-943D-5E1D45DC960F}.Release|Any CPU.ActiveCfg = Release|Any CPU
		{2596F020-0510-4CB3-943D-5E1D45DC960F}.Release|Any CPU.Build.0 = Release|Any CPU
	EndGlobalSection
	GlobalSection(SolutionProperties) = preSolution
		HideSolutionNode = FALSE
	EndGlobalSection
	GlobalSection(ExtensibilityGlobals) = postSolution
		SolutionGuid = {97D18FFD-B55E-48C9-9A63-B7EA6F34A849}
	EndGlobalSection
EndGlobal
